
Microsoft Visual Studio Solution File, Format Version 12.00
# Visual Studio Version 16
VisualStudioVersion = 16.0.32228.343
MinimumVisualStudioVersion = 10.0.40219.1
Project("{9A19103F-16F7-4668-BE54-9A1E7A4F7556}") = "DataAccessLayer", "DataAccessLayer\DataAccessLayer.csproj", "{588BF3A6-1683-495F-934A-D20D7AD7FD74}"
EndProject
Project("{9A19103F-16F7-4668-BE54-9A1E7A4F7556}") = "RepoLayer", "RepoLayer\RepoLayer.csproj", "{774BDE83-3307-478D-ABCE-CF1635936629}"
EndProject
Project("{9A19103F-16F7-4668-BE54-9A1E7A4F7556}") = "UILayer", "..\UILayer\UILayer.csproj", "{623D68FD-B208-43E6-8FE9-F3085C8D9A1E}"
EndProject
Global
	GlobalSection(SolutionConfigurationPlatforms) = preSolution
		Debug|Any CPU = Debug|Any CPU
		Release|Any CPU = Release|Any CPU
	EndGlobalSection
	GlobalSection(ProjectConfigurationPlatforms) = postSolution
		{588BF3A6-1683-495F-934A-D20D7AD7FD74}.Debug|Any CPU.ActiveCfg = Debug|Any CPU
		{588BF3A6-1683-495F-934A-D20D7AD7FD74}.Debug|Any CPU.Build.0 = Debug|Any CPU
		{588BF3A6-1683-495F-934A-D20D7AD7FD74}.Release|Any CPU.ActiveCfg = Release|Any CPU
		{588BF3A6-1683-495F-934A-D20D7AD7FD74}.Release|Any CPU.Build.0 = Release|Any CPU
		{774BDE83-3307-478D-ABCE-CF1635936629}.Debug|Any CPU.ActiveCfg = Debug|Any CPU
		{774BDE83-3307-478D-ABCE-CF1635936629}.Debug|Any CPU.Build.0 = Debug|Any CPU
		{774BDE83-3307-478D-ABCE-CF1635936629}.Release|Any CPU.ActiveCfg = Release|Any CPU
		{774BDE83-3307-478D-ABCE-CF1635936629}.Release|Any CPU.Build.0 = Release|Any CPU
		{623D68FD-B208-43E6-8FE9-F3085C8D9A1E}.Debug|Any CPU.ActiveCfg = Debug|Any CPU
		{623D68FD-B208-43E6-8FE9-F3085C8D9A1E}.Debug|Any CPU.Build.0 = Debug|Any CPU
		{623D68FD-B208-43E6-8FE9-F3085C8D9A1E}.Release|Any CPU.ActiveCfg = Release|Any CPU
		{623D68FD-B208-43E6-8FE9-F3085C8D9A1E}.Release|Any CPU.Build.0 = Release|Any CPU
	EndGlobalSection
	GlobalSection(SolutionProperties) = preSolution
		HideSolutionNode = FALSE
	EndGlobalSection
	GlobalSection(ExtensibilityGlobals) = postSolution
		SolutionGuid = {3D95AD10-C8E8-432C-A0AA-FE544D18C755}
	EndGlobalSection
EndGlobal
