
Microsoft Visual Studio Solution File, Format Version 12.00
# Visual Studio Version 16
VisualStudioVersion = 16.0.32228.343
MinimumVisualStudioVersion = 10.0.40219.1
Project("{9A19103F-16F7-4668-BE54-9A1E7A4F7556}") = "DataAccessLayer", "DataAccessLayer\DataAccessLayer.csproj", "{588BF3A6-1683-495F-934A-D20D7AD7FD74}"
EndProject
Project("{9A19103F-16F7-4668-BE54-9A1E7A4F7556}") = "UILayer", "..\UILayer\UILayer.csproj", "{2C774B22-06BB-4701-A138-7EDFD7F956C8}"
EndProject
Project("{9A19103F-16F7-4668-BE54-9A1E7A4F7556}") = "RepoLayer", "RepoLayer\RepoLayer.csproj", "{E72C97E9-E19D-4EFF-B000-7D2CB7C97A90}"
EndProject
Global
	GlobalSection(SolutionConfigurationPlatforms) = preSolution
		Debug|Any CPU = Debug|Any CPU
		Release|Any CPU = Release|Any CPU
	EndGlobalSection
	GlobalSection(ProjectConfigurationPlatforms) = postSolution
		{588BF3A6-1683-495F-934A-D20D7AD7FD74}.Debug|Any CPU.ActiveCfg = Debug|Any CPU
		{588BF3A6-1683-495F-934A-D20D7AD7FD74}.Debug|Any CPU.Build.0 = Debug|Any CPU
		{588BF3A6-1683-495F-934A-D20D7AD7FD74}.Release|Any CPU.ActiveCfg = Release|Any CPU
		{588BF3A6-1683-495F-934A-D20D7AD7FD74}.Release|Any CPU.Build.0 = Release|Any CPU
		{2C774B22-06BB-4701-A138-7EDFD7F956C8}.Debug|Any CPU.ActiveCfg = Debug|Any CPU
		{2C774B22-06BB-4701-A138-7EDFD7F956C8}.Debug|Any CPU.Build.0 = Debug|Any CPU
		{2C774B22-06BB-4701-A138-7EDFD7F956C8}.Release|Any CPU.ActiveCfg = Release|Any CPU
		{2C774B22-06BB-4701-A138-7EDFD7F956C8}.Release|Any CPU.Build.0 = Release|Any CPU
		{E72C97E9-E19D-4EFF-B000-7D2CB7C97A90}.Debug|Any CPU.ActiveCfg = Debug|Any CPU
		{E72C97E9-E19D-4EFF-B000-7D2CB7C97A90}.Debug|Any CPU.Build.0 = Debug|Any CPU
		{E72C97E9-E19D-4EFF-B000-7D2CB7C97A90}.Release|Any CPU.ActiveCfg = Release|Any CPU
		{E72C97E9-E19D-4EFF-B000-7D2CB7C97A90}.Release|Any CPU.Build.0 = Release|Any CPU
	EndGlobalSection
	GlobalSection(SolutionProperties) = preSolution
		HideSolutionNode = FALSE
	EndGlobalSection
	GlobalSection(ExtensibilityGlobals) = postSolution
		SolutionGuid = {3D95AD10-C8E8-432C-A0AA-FE544D18C755}
	EndGlobalSection
EndGlobal
